// !$*UTF8*$!
{
	archiveVersion = 1;
	classes = {
	};
	objectVersion = 48;
	objects = {

/* Begin PBXBuildFile section */
		3B2300BE2019840800746520 /* ZZWaveView.m in Sources */ = {isa = PBXBuildFile; fileRef = 3B2300BD2019840800746520 /* ZZWaveView.m */; };
		3B42255D202157AA00CB17DC /* ZZSpeechManager.m in Sources */ = {isa = PBXBuildFile; fileRef = 3B42255C202157AA00CB17DC /* ZZSpeechManager.m */; };
		3B73FC9B2005EB4000BA2689 /* AppDelegate.m in Sources */ = {isa = PBXBuildFile; fileRef = 3B73FC9A2005EB4000BA2689 /* AppDelegate.m */; };
		3B73FC9E2005EB4000BA2689 /* ViewController.m in Sources */ = {isa = PBXBuildFile; fileRef = 3B73FC9D2005EB4000BA2689 /* ViewController.m */; };
		3B73FCA12005EB4000BA2689 /* Main.storyboard in Resources */ = {isa = PBXBuildFile; fileRef = 3B73FC9F2005EB4000BA2689 /* Main.storyboard */; };
		3B73FCA42005EB4000BA2689 /* ZZSpeechRecognizerDemo.xcdatamodeld in Sources */ = {isa = PBXBuildFile; fileRef = 3B73FCA22005EB4000BA2689 /* ZZSpeechRecognizerDemo.xcdatamodeld */; };
		3B73FCA62005EB4000BA2689 /* Assets.xcassets in Resources */ = {isa = PBXBuildFile; fileRef = 3B73FCA52005EB4000BA2689 /* Assets.xcassets */; };
		3B73FCA92005EB4000BA2689 /* LaunchScreen.storyboard in Resources */ = {isa = PBXBuildFile; fileRef = 3B73FCA72005EB4000BA2689 /* LaunchScreen.storyboard */; };
		3B73FCAC2005EB4000BA2689 /* main.m in Sources */ = {isa = PBXBuildFile; fileRef = 3B73FCAB2005EB4000BA2689 /* main.m */; };
/* End PBXBuildFile section */

/* Begin PBXFileReference section */
		3B2300BC2019840800746520 /* ZZWaveView.h */ = {isa = PBXFileReference; fileEncoding = 4; lastKnownFileType = sourcecode.c.h; path = ZZWaveView.h; sourceTree = "<group>"; };
		3B2300BD2019840800746520 /* ZZWaveView.m */ = {isa = PBXFileReference; fileEncoding = 4; lastKnownFileType = sourcecode.c.objc; path = ZZWaveView.m; sourceTree = "<group>"; };
		3B42255B202157AA00CB17DC /* ZZSpeechManager.h */ = {isa = PBXFileReference; fileEncoding = 4; lastKnownFileType = sourcecode.c.h; path = ZZSpeechManager.h; sourceTree = "<group>"; };
		3B42255C202157AA00CB17DC /* ZZSpeechManager.m */ = {isa = PBXFileReference; fileEncoding = 4; lastKnownFileType = sourcecode.c.objc; path = ZZSpeechManager.m; sourceTree = "<group>"; };
		3B73FC962005EB4000BA2689 /* ZZSpeechRecognizerDemo.app */ = {isa = PBXFileReference; explicitFileType = wrapper.application; includeInIndex = 0; path = ZZSpeechRecognizerDemo.app; sourceTree = BUILT_PRODUCTS_DIR; };
		3B73FC992005EB4000BA2689 /* AppDelegate.h */ = {isa = PBXFileReference; lastKnownFileType = sourcecode.c.h; path = AppDelegate.h; sourceTree = "<group>"; };
		3B73FC9A2005EB4000BA2689 /* AppDelegate.m */ = {isa = PBXFileReference; lastKnownFileType = sourcecode.c.objc; path = AppDelegate.m; sourceTree = "<group>"; };
		3B73FC9C2005EB4000BA2689 /* ViewController.h */ = {isa = PBXFileReference; lastKnownFileType = sourcecode.c.h; path = ViewController.h; sourceTree = "<group>"; };
		3B73FC9D2005EB4000BA2689 /* ViewController.m */ = {isa = PBXFileReference; lastKnownFileType = sourcecode.c.objc; path = ViewController.m; sourceTree = "<group>"; };
		3B73FCA02005EB4000BA2689 /* Base */ = {isa = PBXFileReference; lastKnownFileType = file.storyboard; name = Base; path = Base.lproj/Main.storyboard; sourceTree = "<group>"; };
		3B73FCA32005EB4000BA2689 /* ZZSpeechRecognizerDemo.xcdatamodel */ = {isa = PBXFileReference; lastKnownFileType = wrapper.xcdatamodel; path = ZZSpeechRecognizerDemo.xcdatamodel; sourceTree = "<group>"; };
		3B73FCA52005EB4000BA2689 /* Assets.xcassets */ = {isa = PBXFileReference; lastKnownFileType = folder.assetcatalog; path = Assets.xcassets; sourceTree = "<group>"; };
		3B73FCA82005EB4000BA2689 /* Base */ = {isa = PBXFileReference; lastKnownFileType = file.storyboard; name = Base; path = Base.lproj/LaunchScreen.storyboard; sourceTree = "<group>"; };
		3B73FCAA2005EB4000BA2689 /* Info.plist */ = {isa = PBXFileReference; lastKnownFileType = text.plist.xml; path = Info.plist; sourceTree = "<group>"; };
		3B73FCAB2005EB4000BA2689 /* main.m */ = {isa = PBXFileReference; lastKnownFileType = sourcecode.c.objc; path = main.m; sourceTree = "<group>"; };
/* End PBXFileReference section */

/* Begin PBXFrameworksBuildPhase section */
		3B73FC932005EB4000BA2689 /* Frameworks */ = {
			isa = PBXFrameworksBuildPhase;
			buildActionMask = 2147483647;
			files = (
			);
			runOnlyForDeploymentPostprocessing = 0;
		};
/* End PBXFrameworksBuildPhase section */

/* Begin PBXGroup section */
		3B2300BB2019840800746520 /* ZZWaveView */ = {
			isa = PBXGroup;
			children = (
				3B2300BC2019840800746520 /* ZZWaveView.h */,
				3B2300BD2019840800746520 /* ZZWaveView.m */,
			);
			path = ZZWaveView;
			sourceTree = "<group>";
		};
		3B42255A202157AA00CB17DC /* ZZSpeechManager */ = {
			isa = PBXGroup;
			children = (
				3B42255B202157AA00CB17DC /* ZZSpeechManager.h */,
				3B42255C202157AA00CB17DC /* ZZSpeechManager.m */,
			);
			path = ZZSpeechManager;
			sourceTree = "<group>";
		};
		3B73FC8D2005EB4000BA2689 = {
			isa = PBXGroup;
			children = (
				3B73FC982005EB4000BA2689 /* ZZSpeechRecognizerDemo */,
				3B73FC972005EB4000BA2689 /* Products */,
			);
			sourceTree = "<group>";
		};
		3B73FC972005EB4000BA2689 /* Products */ = {
			isa = PBXGroup;
			children = (
				3B73FC962005EB4000BA2689 /* ZZSpeechRecognizerDemo.app */,
			);
			name = Products;
			sourceTree = "<group>";
		};
		3B73FC982005EB4000BA2689 /* ZZSpeechRecognizerDemo */ = {
			isa = PBXGroup;
			children = (
				3B42255A202157AA00CB17DC /* ZZSpeechManager */,
				3B2300BB2019840800746520 /* ZZWaveView */,
				3B73FC992005EB4000BA2689 /* AppDelegate.h */,
				3B73FC9A2005EB4000BA2689 /* AppDelegate.m */,
				3B73FC9C2005EB4000BA2689 /* ViewController.h */,
				3B73FC9D2005EB4000BA2689 /* ViewController.m */,
				3B73FC9F2005EB4000BA2689 /* Main.storyboard */,
				3B73FCA52005EB4000BA2689 /* Assets.xcassets */,
				3B73FCA72005EB4000BA2689 /* LaunchScreen.storyboard */,
				3B73FCAA2005EB4000BA2689 /* Info.plist */,
				3B73FCAB2005EB4000BA2689 /* main.m */,
				3B73FCA22005EB4000BA2689 /* ZZSpeechRecognizerDemo.xcdatamodeld */,
			);
			path = ZZSpeechRecognizerDemo;
			sourceTree = "<group>";
		};
/* End PBXGroup section */

/* Begin PBXNativeTarget section */
		3B73FC952005EB4000BA2689 /* ZZSpeechRecognizerDemo */ = {
			isa = PBXNativeTarget;
			buildConfigurationList = 3B73FCAF2005EB4000BA2689 /* Build configuration list for PBXNativeTarget "ZZSpeechRecognizerDemo" */;
			buildPhases = (
				3B73FC922005EB4000BA2689 /* Sources */,
				3B73FC932005EB4000BA2689 /* Frameworks */,
				3B73FC942005EB4000BA2689 /* Resources */,
			);
			buildRules = (
			);
			dependencies = (
			);
			name = ZZSpeechRecognizerDemo;
			productName = ZZSpeechRecognizerDemo;
			productReference = 3B73FC962005EB4000BA2689 /* ZZSpeechRecognizerDemo.app */;
			productType = "com.apple.product-type.application";
		};
/* End PBXNativeTarget section */

/* Begin PBXProject section */
		3B73FC8E2005EB4000BA2689 /* Project object */ = {
			isa = PBXProject;
			attributes = {
				LastUpgradeCheck = 0920;
				ORGANIZATIONNAME = zhouzheng;
				TargetAttributes = {
					3B73FC952005EB4000BA2689 = {
						CreatedOnToolsVersion = 9.2;
						ProvisioningStyle = Automatic;
					};
				};
			};
			buildConfigurationList = 3B73FC912005EB4000BA2689 /* Build configuration list for PBXProject "ZZSpeechRecognizerDemo" */;
			compatibilityVersion = "Xcode 8.0";
			developmentRegion = en;
			hasScannedForEncodings = 0;
			knownRegions = (
				en,
				Base,
			);
			mainGroup = 3B73FC8D2005EB4000BA2689;
			productRefGroup = 3B73FC972005EB4000BA2689 /* Products */;
			projectDirPath = "";
			projectRoot = "";
			targets = (
				3B73FC952005EB4000BA2689 /* ZZSpeechRecognizerDemo */,
			);
		};
/* End PBXProject section */

/* Begin PBXResourcesBuildPhase section */
		3B73FC942005EB4000BA2689 /* Resources */ = {
			isa = PBXResourcesBuildPhase;
			buildActionMask = 2147483647;
			files = (
				3B73FCA92005EB4000BA2689 /* LaunchScreen.storyboard in Resources */,
				3B73FCA62005EB4000BA2689 /* Assets.xcassets in Resources */,
				3B73FCA12005EB4000BA2689 /* Main.storyboard in Resources */,
			);
			runOnlyForDeploymentPostprocessing = 0;
		};
/* End PBXResourcesBuildPhase section */

/* Begin PBXSourcesBuildPhase section */
		3B73FC922005EB4000BA2689 /* Sources */ = {
			isa = PBXSourcesBuildPhase;
			buildActionMask = 2147483647;
			files = (
				3B73FC9E2005EB4000BA2689 /* ViewController.m in Sources */,
				3B2300BE2019840800746520 /* ZZWaveView.m in Sources */,
				3B73FCA42005EB4000BA2689 /* ZZSpeechRecognizerDemo.xcdatamodeld in Sources */,
				3B42255D202157AA00CB17DC /* ZZSpeechManager.m in Sources */,
				3B73FCAC2005EB4000BA2689 /* main.m in Sources */,
				3B73FC9B2005EB4000BA2689 /* AppDelegate.m in Sources */,
			);
			runOnlyForDeploymentPostprocessing = 0;
		};
/* End PBXSourcesBuildPhase section */

/* Begin PBXVariantGroup section */
		3B73FC9F2005EB4000BA2689 /* Main.storyboard */ = {
			isa = PBXVariantGroup;
			children = (
				3B73FCA02005EB4000BA2689 /* Base */,
			);
			name = Main.storyboard;
			sourceTree = "<group>";
		};
		3B73FCA72005EB4000BA2689 /* LaunchScreen.storyboard */ = {
			isa = PBXVariantGroup;
			children = (
				3B73FCA82005EB4000BA2689 /* Base */,
			);
			name = LaunchScreen.storyboard;
			sourceTree = "<group>";
		};
/* End PBXVariantGroup section */

/* Begin XCBuildConfiguration section */
		3B73FCAD2005EB4000BA2689 /* Debug */ = {
			isa = XCBuildConfiguration;
			buildSettings = {
				ALWAYS_SEARCH_USER_PATHS = NO;
				CLANG_ANALYZER_NONNULL = YES;
				CLANG_ANALYZER_NUMBER_OBJECT_CONVERSION = YES_AGGRESSIVE;
				CLANG_CXX_LANGUAGE_STANDARD = "gnu++14";
				CLANG_CXX_LIBRARY = "libc++";
				CLANG_ENABLE_MODULES = YES;
				CLANG_ENABLE_OBJC_ARC = YES;
				CLANG_WARN_BLOCK_CAPTURE_AUTORELEASING = YES;
				CLANG_WARN_BOOL_CONVERSION = YES;
				CLANG_WARN_COMMA = YES;
				CLANG_WARN_CONSTANT_CONVERSION = YES;
				CLANG_WARN_DIRECT_OBJC_ISA_USAGE = YES_ERROR;
				CLANG_WARN_DOCUMENTATION_COMMENTS = YES;
				CLANG_WARN_EMPTY_BODY = YES;
				CLANG_WARN_ENUM_CONVERSION = YES;
				CLANG_WARN_INFINITE_RECURSION = YES;
				CLANG_WARN_INT_CONVERSION = YES;
				CLANG_WARN_NON_LITERAL_NULL_CONVERSION = YES;
				CLANG_WARN_OBJC_LITERAL_CONVERSION = YES;
				CLANG_WARN_OBJC_ROOT_CLASS = YES_ERROR;
				CLANG_WARN_RANGE_LOOP_ANALYSIS = YES;
				CLANG_WARN_STRICT_PROTOTYPES = YES;
				CLANG_WARN_SUSPICIOUS_MOVE = YES;
				CLANG_WARN_UNGUARDED_AVAILABILITY = YES_AGGRESSIVE;
				CLANG_WARN_UNREACHABLE_CODE = YES;
				CLANG_WARN__DUPLICATE_METHOD_MATCH = YES;
				CODE_SIGN_IDENTITY = "iPhone Developer";
				COPY_PHASE_STRIP = NO;
				DEBUG_INFORMATION_FORMAT = dwarf;
				ENABLE_STRICT_OBJC_MSGSEND = YES;
				ENABLE_TESTABILITY = YES;
				GCC_C_LANGUAGE_STANDARD = gnu11;
				GCC_DYNAMIC_NO_PIC = NO;
				GCC_NO_COMMON_BLOCKS = YES;
				GCC_OPTIMIZATION_LEVEL = 0;
				GCC_PREPROCESSOR_DEFINITIONS = (
					"DEBUG=1",
					"$(inherited)",
				);
				GCC_WARN_64_TO_32_BIT_CONVERSION = YES;
				GCC_WARN_ABOUT_RETURN_TYPE = YES_ERROR;
				GCC_WARN_UNDECLARED_SELECTOR = YES;
				GCC_WARN_UNINITIALIZED_AUTOS = YES_AGGRESSIVE;
				GCC_WARN_UNUSED_FUNCTION = YES;
				GCC_WARN_UNUSED_VARIABLE = YES;
				IPHONEOS_DEPLOYMENT_TARGET = 11.2;
				MTL_ENABLE_DEBUG_INFO = YES;
				ONLY_ACTIVE_ARCH = YES;
				SDKROOT = iphoneos;
			};
			name = Debug;
		};
		3B73FCAE2005EB4000BA2689 /* Release */ = {
			isa = XCBuildConfiguration;
			buildSettings = {
				ALWAYS_SEARCH_USER_PATHS = NO;
				CLANG_ANALYZER_NONNULL = YES;
				CLANG_ANALYZER_NUMBER_OBJECT_CONVERSION = YES_AGGRESSIVE;
				CLANG_CXX_LANGUAGE_STANDARD = "gnu++14";
				CLANG_CXX_LIBRARY = "libc++";
				CLANG_ENABLE_MODULES = YES;
				CLANG_ENABLE_OBJC_ARC = YES;
				CLANG_WARN_BLOCK_CAPTURE_AUTORELEASING = YES;
				CLANG_WARN_BOOL_CONVERSION = YES;
				CLANG_WARN_COMMA = YES;
				CLANG_WARN_CONSTANT_CONVERSION = YES;
				CLANG_WARN_DIRECT_OBJC_ISA_USAGE = YES_ERROR;
				CLANG_WARN_DOCUMENTATION_COMMENTS = YES;
				CLANG_WARN_EMPTY_BODY = YES;
				CLANG_WARN_ENUM_CONVERSION = YES;
				CLANG_WARN_INFINITE_RECURSION = YES;
				CLANG_WARN_INT_CONVERSION = YES;
				CLANG_WARN_NON_LITERAL_NULL_CONVERSION = YES;
				CLANG_WARN_OBJC_LITERAL_CONVERSION = YES;
				CLANG_WARN_OBJC_ROOT_CLASS = YES_ERROR;
				CLANG_WARN_RANGE_LOOP_ANALYSIS = YES;
				CLANG_WARN_STRICT_PROTOTYPES = YES;
				CLANG_WARN_SUSPICIOUS_MOVE = YES;
				CLANG_WARN_UNGUARDED_AVAILABILITY = YES_AGGRESSIVE;
				CLANG_WARN_UNREACHABLE_CODE = YES;
				CLANG_WARN__DUPLICATE_METHOD_MATCH = YES;
				CODE_SIGN_IDENTITY = "iPhone Developer";
				COPY_PHASE_STRIP = NO;
				DEBUG_INFORMATION_FORMAT = "dwarf-with-dsym";
				ENABLE_NS_ASSERTIONS = NO;
				ENABLE_STRICT_OBJC_MSGSEND = YES;
				GCC_C_LANGUAGE_STANDARD = gnu11;
				GCC_NO_COMMON_BLOCKS = YES;
				GCC_WARN_64_TO_32_BIT_CONVERSION = YES;
				GCC_WARN_ABOUT_RETURN_TYPE = YES_ERROR;
				GCC_WARN_UNDECLARED_SELECTOR = YES;
				GCC_WARN_UNINITIALIZED_AUTOS = YES_AGGRESSIVE;
				GCC_WARN_UNUSED_FUNCTION = YES;
				GCC_WARN_UNUSED_VARIABLE = YES;
				IPHONEOS_DEPLOYMENT_TARGET = 11.2;
				MTL_ENABLE_DEBUG_INFO = NO;
				SDKROOT = iphoneos;
				VALIDATE_PRODUCT = YES;
			};
			name = Release;
		};
		3B73FCB02005EB4000BA2689 /* Debug */ = {
			isa = XCBuildConfiguration;
			buildSettings = {
				ASSETCATALOG_COMPILER_APPICON_NAME = AppIcon;
				CODE_SIGN_STYLE = Automatic;
				DEVELOPMENT_TEAM = MLKY76PU29;
				INFOPLIST_FILE = ZZSpeechRecognizerDemo/Info.plist;
				LD_RUNPATH_SEARCH_PATHS = "$(inherited) @executable_path/Frameworks";
				PRODUCT_BUNDLE_IDENTIFIER = net.ghs.app.ZZSpeechRecognizerDemo;
				PRODUCT_NAME = "$(TARGET_NAME)";
				TARGETED_DEVICE_FAMILY = "1,2";
			};
			name = Debug;
		};
		3B73FCB12005EB4000BA2689 /* Release */ = {
			isa = XCBuildConfiguration;
			buildSettings = {
				ASSETCATALOG_COMPILER_APPICON_NAME = AppIcon;
				CODE_SIGN_STYLE = Automatic;
				DEVELOPMENT_TEAM = MLKY76PU29;
				INFOPLIST_FILE = ZZSpeechRecognizerDemo/Info.plist;
				LD_RUNPATH_SEARCH_PATHS = "$(inherited) @executable_path/Frameworks";
				PRODUCT_BUNDLE_IDENTIFIER = net.ghs.app.ZZSpeechRecognizerDemo;
				PRODUCT_NAME = "$(TARGET_NAME)";
				TARGETED_DEVICE_FAMILY = "1,2";
			};
			name = Release;
		};
/* End XCBuildConfiguration section */

/* Begin XCConfigurationList section */
		3B73FC912005EB4000BA2689 /* Build configuration list for PBXProject "ZZSpeechRecognizerDemo" */ = {
			isa = XCConfigurationList;
			buildConfigurations = (
				3B73FCAD2005EB4000BA2689 /* Debug */,
				3B73FCAE2005EB4000BA2689 /* Release */,
			);
			defaultConfigurationIsVisible = 0;
			defaultConfigurationName = Release;
		};
		3B73FCAF2005EB4000BA2689 /* Build configuration list for PBXNativeTarget "ZZSpeechRecognizerDemo" */ = {
			isa = XCConfigurationList;
			buildConfigurations = (
				3B73FCB02005EB4000BA2689 /* Debug */,
				3B73FCB12005EB4000BA2689 /* Release */,
			);
			defaultConfigurationIsVisible = 0;
			defaultConfigurationName = Release;
		};
/* End XCConfigurationList section */

/* Begin XCVersionGroup section */
		3B73FCA22005EB4000BA2689 /* ZZSpeechRecognizerDemo.xcdatamodeld */ = {
			isa = XCVersionGroup;
			children = (
				3B73FCA32005EB4000BA2689 /* ZZSpeechRecognizerDemo.xcdatamodel */,
			);
			currentVersion = 3B73FCA32005EB4000BA2689 /* ZZSpeechRecognizerDemo.xcdatamodel */;
			path = ZZSpeechRecognizerDemo.xcdatamodeld;
			sourceTree = "<group>";
			versionGroupType = wrapper.xcdatamodel;
		};
/* End XCVersionGroup section */
	};
	rootObject = 3B73FC8E2005EB4000BA2689 /* Project object */;
}
